
Microsoft Visual Studio Solution File, Format Version 12.00
# Visual Studio 15
VisualStudioVersion = 15.0.27428.2037
MinimumVisualStudioVersion = 10.0.40219.1
Project("{FAE04EC0-301F-11D3-BF4B-00C04F79EFBC}") = "HelloWorld", "HelloWorld\HelloWorld.csproj", "{2FBD84E8-0A04-4077-8157-8AF91F726494}"
EndProject
Global
	GlobalSection(SolutionConfigurationPlatforms) = preSolution
		Debug|Any CPU = Debug|Any CPU
		Release|Any CPU = Release|Any CPU
	EndGlobalSection
	GlobalSection(ProjectConfigurationPlatforms) = postSolution
		{2FBD84E8-0A04-4077-8157-8AF91F726494}.Debug|Any CPU.ActiveCfg = Debug|Any CPU
		{2FBD84E8-0A04-4077-8157-8AF91F726494}.Debug|Any CPU.Build.0 = Debug|Any CPU
		{2FBD84E8-0A04-4077-8157-8AF91F726494}.Release|Any CPU.ActiveCfg = Release|Any CPU
		{2FBD84E8-0A04-4077-8157-8AF91F726494}.Release|Any CPU.Build.0 = Release|Any CPU
	EndGlobalSection
	GlobalSection(SolutionProperties) = preSolution
		HideSolutionNode = FALSE
	EndGlobalSection
	GlobalSection(ExtensibilityGlobals) = postSolution
		SolutionGuid = {7C59B719-B78F-4EC0-A8C9-157442B12E56}
	EndGlobalSection
EndGlobal
