
Microsoft Visual Studio Solution File, Format Version 12.00
# Visual Studio 15
VisualStudioVersion = 15.0.27428.2037
MinimumVisualStudioVersion = 10.0.40219.1
Project("{FAE04EC0-301F-11D3-BF4B-00C04F79EFBC}") = "HelloWorldWebApp", "HelloWorldWebApp\HelloWorldWebApp.csproj", "{145721C7-0961-4B7F-A7A2-0DB0DC54885E}"
EndProject
Global
	GlobalSection(SolutionConfigurationPlatforms) = preSolution
		Debug|Any CPU = Debug|Any CPU
		Release|Any CPU = Release|Any CPU
	EndGlobalSection
	GlobalSection(ProjectConfigurationPlatforms) = postSolution
		{145721C7-0961-4B7F-A7A2-0DB0DC54885E}.Debug|Any CPU.ActiveCfg = Debug|Any CPU
		{145721C7-0961-4B7F-A7A2-0DB0DC54885E}.Debug|Any CPU.Build.0 = Debug|Any CPU
		{145721C7-0961-4B7F-A7A2-0DB0DC54885E}.Release|Any CPU.ActiveCfg = Release|Any CPU
		{145721C7-0961-4B7F-A7A2-0DB0DC54885E}.Release|Any CPU.Build.0 = Release|Any CPU
	EndGlobalSection
	GlobalSection(SolutionProperties) = preSolution
		HideSolutionNode = FALSE
	EndGlobalSection
	GlobalSection(ExtensibilityGlobals) = postSolution
		SolutionGuid = {77C00AA9-77C2-4B81-BC25-0067D90AA9EF}
	EndGlobalSection
EndGlobal
